// !$*UTF8*$!
{
	archiveVersion = 1;
	classes = {
	};
	objectVersion = 46;
	objects = {

/* Begin PBXBuildFile section */
		AB89EBD418AA613D0076391B /* Foundation.framework in Frameworks */ = {isa = PBXBuildFile; fileRef = AB89EBD318AA613D0076391B /* Foundation.framework */; };
		AB89EBD618AA613D0076391B /* CoreGraphics.framework in Frameworks */ = {isa = PBXBuildFile; fileRef = AB89EBD518AA613D0076391B /* CoreGraphics.framework */; };
		AB89EBD818AA613D0076391B /* UIKit.framework in Frameworks */ = {isa = PBXBuildFile; fileRef = AB89EBD718AA613D0076391B /* UIKit.framework */; };
		AB89EBDA18AA613D0076391B /* SpriteKit.framework in Frameworks */ = {isa = PBXBuildFile; fileRef = AB89EBD918AA613D0076391B /* SpriteKit.framework */; };
		AB89EBE018AA613D0076391B /* InfoPlist.strings in Resources */ = {isa = PBXBuildFile; fileRef = AB89EBDE18AA613D0076391B /* InfoPlist.strings */; };
		AB89EBE218AA613D0076391B /* main.m in Sources */ = {isa = PBXBuildFile; fileRef = AB89EBE118AA613D0076391B /* main.m */; };
		AB89EBE618AA613D0076391B /* RCWAppDelegate.m in Sources */ = {isa = PBXBuildFile; fileRef = AB89EBE518AA613D0076391B /* RCWAppDelegate.m */; };
		AB89EBE918AA613D0076391B /* Main.storyboard in Resources */ = {isa = PBXBuildFile; fileRef = AB89EBE718AA613D0076391B /* Main.storyboard */; };
		AB89EBEC18AA613D0076391B /* RCWViewController.m in Sources */ = {isa = PBXBuildFile; fileRef = AB89EBEB18AA613D0076391B /* RCWViewController.m */; };
		AB89EBEF18AA613D0076391B /* RCWMyScene.m in Sources */ = {isa = PBXBuildFile; fileRef = AB89EBEE18AA613D0076391B /* RCWMyScene.m */; };
		AB89EBF318AA613D0076391B /* Images.xcassets in Resources */ = {isa = PBXBuildFile; fileRef = AB89EBF218AA613D0076391B /* Images.xcassets */; };
		DE0C1E691980A5B100DE6F35 /* PaddleNode.m in Sources */ = {isa = PBXBuildFile; fileRef = DE0C1E681980A5B100DE6F35 /* PaddleNode.m */; };
		DE7F1EE01984949B00DC5900 /* BumperNode.m in Sources */ = {isa = PBXBuildFile; fileRef = DE7F1EDF1984949B00DC5900 /* BumperNode.m */; };
		DE7F1EE3198495D300DC5900 /* TargetNode.m in Sources */ = {isa = PBXBuildFile; fileRef = DE7F1EE2198495D300DC5900 /* TargetNode.m */; };
		DE7F1EE81984A91500DC5900 /* HUDNode.m in Sources */ = {isa = PBXBuildFile; fileRef = DE7F1EE71984A91500DC5900 /* HUDNode.m */; };
		DE8B6127197E07DF0053E63B /* PinballNode.m in Sources */ = {isa = PBXBuildFile; fileRef = DE8B6126197E07DF0053E63B /* PinballNode.m */; };
		DE8B612A197E08960053E63B /* PlungerNode.m in Sources */ = {isa = PBXBuildFile; fileRef = DE8B6129197E08960053E63B /* PlungerNode.m */; };
		DED083DE1985840C004756B0 /* target1.aif in Resources */ = {isa = PBXBuildFile; fileRef = DED083DB1985840C004756B0 /* target1.aif */; };
		DED083DF1985840C004756B0 /* target2.aif in Resources */ = {isa = PBXBuildFile; fileRef = DED083DC1985840C004756B0 /* target2.aif */; };
		DED083E01985840C004756B0 /* target3.aif in Resources */ = {isa = PBXBuildFile; fileRef = DED083DD1985840C004756B0 /* target3.aif */; };
		DED083E419858413004756B0 /* bump1.aif in Resources */ = {isa = PBXBuildFile; fileRef = DED083E119858413004756B0 /* bump1.aif */; };
		DED083E519858413004756B0 /* bump2.aif in Resources */ = {isa = PBXBuildFile; fileRef = DED083E219858413004756B0 /* bump2.aif */; };
		DED083E619858413004756B0 /* bump3.aif in Resources */ = {isa = PBXBuildFile; fileRef = DED083E319858413004756B0 /* bump3.aif */; };
		DED083E9198587CA004756B0 /* PullHintNode.m in Sources */ = {isa = PBXBuildFile; fileRef = DED083E8198587CA004756B0 /* PullHintNode.m */; };
		DED083F61985913A004756B0 /* sprites.atlas in Resources */ = {isa = PBXBuildFile; fileRef = DED083F51985913A004756B0 /* sprites.atlas */; };
		DED083FA198592CD004756B0 /* BonusSpinnerNode.m in Sources */ = {isa = PBXBuildFile; fileRef = DED083F9198592CD004756B0 /* BonusSpinnerNode.m */; };
		DED083FC198595CF004756B0 /* layout.plist in Resources */ = {isa = PBXBuildFile; fileRef = DED083FB198595CF004756B0 /* layout.plist */; };
		DED083FE19859706004756B0 /* bonus-spinner.png in Resources */ = {isa = PBXBuildFile; fileRef = DED083FD19859706004756B0 /* bonus-spinner.png */; };
		DED08403198597D4004756B0 /* SKEmitterNode+RCWExtensions.m in Sources */ = {isa = PBXBuildFile; fileRef = DED08400198597D4004756B0 /* SKEmitterNode+RCWExtensions.m */; };
		DED08404198597D4004756B0 /* spark.png in Resources */ = {isa = PBXBuildFile; fileRef = DED08401198597D4004756B0 /* spark.png */; };
		DED08405198597D4004756B0 /* Spark.sks in Resources */ = {isa = PBXBuildFile; fileRef = DED08402198597D4004756B0 /* Spark.sks */; };
		DED0840719859AA3004756B0 /* table-overlay.png in Resources */ = {isa = PBXBuildFile; fileRef = DED0840619859AA3004756B0 /* table-overlay.png */; };
		DED38311197F5A08001AEE22 /* TableNode.m in Sources */ = {isa = PBXBuildFile; fileRef = DED38310197F5A08001AEE22 /* TableNode.m */; };
/* End PBXBuildFile section */

/* Begin PBXFileReference section */
		AB89EBD018AA613D0076391B /* PhysicsBall.app */ = {isa = PBXFileReference; explicitFileType = wrapper.application; includeInIndex = 0; path = PhysicsBall.app; sourceTree = BUILT_PRODUCTS_DIR; };
		AB89EBD318AA613D0076391B /* Foundation.framework */ = {isa = PBXFileReference; lastKnownFileType = wrapper.framework; name = Foundation.framework; path = System/Library/Frameworks/Foundation.framework; sourceTree = SDKROOT; };
		AB89EBD518AA613D0076391B /* CoreGraphics.framework */ = {isa = PBXFileReference; lastKnownFileType = wrapper.framework; name = CoreGraphics.framework; path = System/Library/Frameworks/CoreGraphics.framework; sourceTree = SDKROOT; };
		AB89EBD718AA613D0076391B /* UIKit.framework */ = {isa = PBXFileReference; lastKnownFileType = wrapper.framework; name = UIKit.framework; path = System/Library/Frameworks/UIKit.framework; sourceTree = SDKROOT; };
		AB89EBD918AA613D0076391B /* SpriteKit.framework */ = {isa = PBXFileReference; lastKnownFileType = wrapper.framework; name = SpriteKit.framework; path = System/Library/Frameworks/SpriteKit.framework; sourceTree = SDKROOT; };
		AB89EBDD18AA613D0076391B /* PhysicsBall-Info.plist */ = {isa = PBXFileReference; lastKnownFileType = text.plist.xml; path = "PhysicsBall-Info.plist"; sourceTree = "<group>"; };
		AB89EBDF18AA613D0076391B /* en */ = {isa = PBXFileReference; lastKnownFileType = text.plist.strings; name = en; path = en.lproj/InfoPlist.strings; sourceTree = "<group>"; };
		AB89EBE118AA613D0076391B /* main.m */ = {isa = PBXFileReference; lastKnownFileType = sourcecode.c.objc; path = main.m; sourceTree = "<group>"; };
		AB89EBE318AA613D0076391B /* PhysicsBall-Prefix.pch */ = {isa = PBXFileReference; lastKnownFileType = sourcecode.c.h; path = "PhysicsBall-Prefix.pch"; sourceTree = "<group>"; };
		AB89EBE418AA613D0076391B /* RCWAppDelegate.h */ = {isa = PBXFileReference; lastKnownFileType = sourcecode.c.h; path = RCWAppDelegate.h; sourceTree = "<group>"; };
		AB89EBE518AA613D0076391B /* RCWAppDelegate.m */ = {isa = PBXFileReference; lastKnownFileType = sourcecode.c.objc; path = RCWAppDelegate.m; sourceTree = "<group>"; };
		AB89EBE818AA613D0076391B /* Base */ = {isa = PBXFileReference; lastKnownFileType = file.storyboard; name = Base; path = Base.lproj/Main.storyboard; sourceTree = "<group>"; };
		AB89EBEA18AA613D0076391B /* RCWViewController.h */ = {isa = PBXFileReference; lastKnownFileType = sourcecode.c.h; path = RCWViewController.h; sourceTree = "<group>"; };
		AB89EBEB18AA613D0076391B /* RCWViewController.m */ = {isa = PBXFileReference; lastKnownFileType = sourcecode.c.objc; path = RCWViewController.m; sourceTree = "<group>"; };
		AB89EBED18AA613D0076391B /* RCWMyScene.h */ = {isa = PBXFileReference; lastKnownFileType = sourcecode.c.h; path = RCWMyScene.h; sourceTree = "<group>"; };
		AB89EBEE18AA613D0076391B /* RCWMyScene.m */ = {isa = PBXFileReference; lastKnownFileType = sourcecode.c.objc; path = RCWMyScene.m; sourceTree = "<group>"; };
		AB89EBF218AA613D0076391B /* Images.xcassets */ = {isa = PBXFileReference; lastKnownFileType = folder.assetcatalog; path = Images.xcassets; sourceTree = "<group>"; };
		DE0C1E671980A52F00DE6F35 /* PaddleNode.h */ = {isa = PBXFileReference; lastKnownFileType = sourcecode.c.h; path = PaddleNode.h; sourceTree = "<group>"; };
		DE0C1E681980A5B100DE6F35 /* PaddleNode.m */ = {isa = PBXFileReference; fileEncoding = 4; lastKnownFileType = sourcecode.c.objc; path = PaddleNode.m; sourceTree = "<group>"; };
		DE7F1EDE1984945600DC5900 /* BumperNode.h */ = {isa = PBXFileReference; lastKnownFileType = sourcecode.c.h; path = BumperNode.h; sourceTree = "<group>"; };
		DE7F1EDF1984949B00DC5900 /* BumperNode.m */ = {isa = PBXFileReference; fileEncoding = 4; lastKnownFileType = sourcecode.c.objc; path = BumperNode.m; sourceTree = "<group>"; };
		DE7F1EE11984952000DC5900 /* TargetNode.h */ = {isa = PBXFileReference; lastKnownFileType = sourcecode.c.h; path = TargetNode.h; sourceTree = "<group>"; };
		DE7F1EE2198495D300DC5900 /* TargetNode.m */ = {isa = PBXFileReference; fileEncoding = 4; lastKnownFileType = sourcecode.c.objc; path = TargetNode.m; sourceTree = "<group>"; };
		DE7F1EE61984A8CE00DC5900 /* HUDNode.h */ = {isa = PBXFileReference; lastKnownFileType = sourcecode.c.h; path = HUDNode.h; sourceTree = "<group>"; };
		DE7F1EE71984A91500DC5900 /* HUDNode.m */ = {isa = PBXFileReference; fileEncoding = 4; lastKnownFileType = sourcecode.c.objc; path = HUDNode.m; sourceTree = "<group>"; };
		DE8B6125197E07AB0053E63B /* PinballNode.h */ = {isa = PBXFileReference; lastKnownFileType = sourcecode.c.h; path = PinballNode.h; sourceTree = "<group>"; };
		DE8B6126197E07DF0053E63B /* PinballNode.m */ = {isa = PBXFileReference; fileEncoding = 4; lastKnownFileType = sourcecode.c.objc; path = PinballNode.m; sourceTree = "<group>"; };
		DE8B6128197E08630053E63B /* PlungerNode.h */ = {isa = PBXFileReference; lastKnownFileType = sourcecode.c.h; path = PlungerNode.h; sourceTree = "<group>"; };
		DE8B6129197E08960053E63B /* PlungerNode.m */ = {isa = PBXFileReference; fileEncoding = 4; lastKnownFileType = sourcecode.c.objc; path = PlungerNode.m; sourceTree = "<group>"; };
		DED083D419858049004756B0 /* CategoriesMask.h */ = {isa = PBXFileReference; lastKnownFileType = sourcecode.c.h; path = CategoriesMask.h; sourceTree = "<group>"; };
		DED083DB1985840C004756B0 /* target1.aif */ = {isa = PBXFileReference; lastKnownFileType = file; name = target1.aif; path = ../target1.aif; sourceTree = "<group>"; };
		DED083DC1985840C004756B0 /* target2.aif */ = {isa = PBXFileReference; lastKnownFileType = file; name = target2.aif; path = ../target2.aif; sourceTree = "<group>"; };
		DED083DD1985840C004756B0 /* target3.aif */ = {isa = PBXFileReference; lastKnownFileType = file; name = target3.aif; path = ../target3.aif; sourceTree = "<group>"; };
		DED083E119858413004756B0 /* bump1.aif */ = {isa = PBXFileReference; lastKnownFileType = file; name = bump1.aif; path = ../bump1.aif; sourceTree = "<group>"; };
		DED083E219858413004756B0 /* bump2.aif */ = {isa = PBXFileReference; lastKnownFileType = file; name = bump2.aif; path = ../bump2.aif; sourceTree = "<group>"; };
		DED083E319858413004756B0 /* bump3.aif */ = {isa = PBXFileReference; lastKnownFileType = file; name = bump3.aif; path = ../bump3.aif; sourceTree = "<group>"; };
		DED083E7198587A3004756B0 /* PullHintNode.h */ = {isa = PBXFileReference; lastKnownFileType = sourcecode.c.h; path = PullHintNode.h; sourceTree = "<group>"; };
		DED083E8198587CA004756B0 /* PullHintNode.m */ = {isa = PBXFileReference; fileEncoding = 4; lastKnownFileType = sourcecode.c.objc; path = PullHintNode.m; sourceTree = "<group>"; };
		DED083F51985913A004756B0 /* sprites.atlas */ = {isa = PBXFileReference; lastKnownFileType = folder.skatlas; path = sprites.atlas; sourceTree = "<group>"; };
		DED083F819859216004756B0 /* BonusSpinnerNode.h */ = {isa = PBXFileReference; lastKnownFileType = sourcecode.c.h; path = BonusSpinnerNode.h; sourceTree = "<group>"; };
		DED083F9198592CD004756B0 /* BonusSpinnerNode.m */ = {isa = PBXFileReference; fileEncoding = 4; lastKnownFileType = sourcecode.c.objc; path = BonusSpinnerNode.m; sourceTree = "<group>"; };
		DED083FB198595CF004756B0 /* layout.plist */ = {isa = PBXFileReference; fileEncoding = 4; lastKnownFileType = text.plist.xml; path = layout.plist; sourceTree = "<group>"; };
		DED083FD19859706004756B0 /* bonus-spinner.png */ = {isa = PBXFileReference; lastKnownFileType = image.png; path = "bonus-spinner.png"; sourceTree = "<group>"; };
		DED083FF198597D4004756B0 /* SKEmitterNode+RCWExtensions.h */ = {isa = PBXFileReference; fileEncoding = 4; lastKnownFileType = sourcecode.c.h; path = "SKEmitterNode+RCWExtensions.h"; sourceTree = "<group>"; };
		DED08400198597D4004756B0 /* SKEmitterNode+RCWExtensions.m */ = {isa = PBXFileReference; fileEncoding = 4; lastKnownFileType = sourcecode.c.objc; path = "SKEmitterNode+RCWExtensions.m"; sourceTree = "<group>"; };
		DED08401198597D4004756B0 /* spark.png */ = {isa = PBXFileReference; lastKnownFileType = image.png; path = spark.png; sourceTree = "<group>"; };
		DED08402198597D4004756B0 /* Spark.sks */ = {isa = PBXFileReference; lastKnownFileType = file.sks; path = Spark.sks; sourceTree = "<group>"; };
		DED0840619859AA3004756B0 /* table-overlay.png */ = {isa = PBXFileReference; lastKnownFileType = image.png; path = "table-overlay.png"; sourceTree = "<group>"; };
		DED3830F197F599E001AEE22 /* TableNode.h */ = {isa = PBXFileReference; lastKnownFileType = sourcecode.c.h; path = TableNode.h; sourceTree = "<group>"; };
		DED38310197F5A08001AEE22 /* TableNode.m */ = {isa = PBXFileReference; fileEncoding = 4; lastKnownFileType = sourcecode.c.objc; path = TableNode.m; sourceTree = "<group>"; };
/* End PBXFileReference section */

/* Begin PBXFrameworksBuildPhase section */
		AB89EBCD18AA613D0076391B /* Frameworks */ = {
			isa = PBXFrameworksBuildPhase;
			buildActionMask = 2147483647;
			files = (
				AB89EBD618AA613D0076391B /* CoreGraphics.framework in Frameworks */,
				AB89EBD818AA613D0076391B /* UIKit.framework in Frameworks */,
				AB89EBDA18AA613D0076391B /* SpriteKit.framework in Frameworks */,
				AB89EBD418AA613D0076391B /* Foundation.framework in Frameworks */,
			);
			runOnlyForDeploymentPostprocessing = 0;
		};
/* End PBXFrameworksBuildPhase section */

/* Begin PBXGroup section */
		AB89EBC718AA613D0076391B = {
			isa = PBXGroup;
			children = (
				AB89EBDB18AA613D0076391B /* PhysicsBall */,
				AB89EBD218AA613D0076391B /* Frameworks */,
				AB89EBD118AA613D0076391B /* Products */,
			);
			sourceTree = "<group>";
		};
		AB89EBD118AA613D0076391B /* Products */ = {
			isa = PBXGroup;
			children = (
				AB89EBD018AA613D0076391B /* PhysicsBall.app */,
			);
			name = Products;
			sourceTree = "<group>";
		};
		AB89EBD218AA613D0076391B /* Frameworks */ = {
			isa = PBXGroup;
			children = (
				AB89EBD318AA613D0076391B /* Foundation.framework */,
				AB89EBD518AA613D0076391B /* CoreGraphics.framework */,
				AB89EBD718AA613D0076391B /* UIKit.framework */,
				AB89EBD918AA613D0076391B /* SpriteKit.framework */,
			);
			name = Frameworks;
			sourceTree = "<group>";
		};
		AB89EBDB18AA613D0076391B /* PhysicsBall */ = {
			isa = PBXGroup;
			children = (
				DED0840619859AA3004756B0 /* table-overlay.png */,
				DED083FF198597D4004756B0 /* SKEmitterNode+RCWExtensions.h */,
				DED08400198597D4004756B0 /* SKEmitterNode+RCWExtensions.m */,
				DED08401198597D4004756B0 /* spark.png */,
				DED08402198597D4004756B0 /* Spark.sks */,
				DED083F719859173004756B0 /* Sounds */,
				DED083F51985913A004756B0 /* sprites.atlas */,
				AB89EBE418AA613D0076391B /* RCWAppDelegate.h */,
				AB89EBE518AA613D0076391B /* RCWAppDelegate.m */,
				AB89EBE718AA613D0076391B /* Main.storyboard */,
				AB89EBEA18AA613D0076391B /* RCWViewController.h */,
				AB89EBEB18AA613D0076391B /* RCWViewController.m */,
				AB89EBED18AA613D0076391B /* RCWMyScene.h */,
				AB89EBEE18AA613D0076391B /* RCWMyScene.m */,
				AB89EBF218AA613D0076391B /* Images.xcassets */,
				AB89EBDC18AA613D0076391B /* Supporting Files */,
				DE8B6125197E07AB0053E63B /* PinballNode.h */,
				DE8B6126197E07DF0053E63B /* PinballNode.m */,
				DE8B6128197E08630053E63B /* PlungerNode.h */,
				DE8B6129197E08960053E63B /* PlungerNode.m */,
				DED3830F197F599E001AEE22 /* TableNode.h */,
				DED38310197F5A08001AEE22 /* TableNode.m */,
				DE0C1E671980A52F00DE6F35 /* PaddleNode.h */,
				DE0C1E681980A5B100DE6F35 /* PaddleNode.m */,
				DE7F1EDE1984945600DC5900 /* BumperNode.h */,
				DE7F1EDF1984949B00DC5900 /* BumperNode.m */,
				DE7F1EE11984952000DC5900 /* TargetNode.h */,
				DE7F1EE2198495D300DC5900 /* TargetNode.m */,
				DE7F1EE61984A8CE00DC5900 /* HUDNode.h */,
				DE7F1EE71984A91500DC5900 /* HUDNode.m */,
				DED083D419858049004756B0 /* CategoriesMask.h */,
				DED083E7198587A3004756B0 /* PullHintNode.h */,
				DED083E8198587CA004756B0 /* PullHintNode.m */,
				DED083F819859216004756B0 /* BonusSpinnerNode.h */,
				DED083F9198592CD004756B0 /* BonusSpinnerNode.m */,
			);
			path = PhysicsBall;
			sourceTree = "<group>";
		};
		AB89EBDC18AA613D0076391B /* Supporting Files */ = {
			isa = PBXGroup;
			children = (
				DED083FB198595CF004756B0 /* layout.plist */,
				AB89EBDD18AA613D0076391B /* PhysicsBall-Info.plist */,
				AB89EBDE18AA613D0076391B /* InfoPlist.strings */,
				AB89EBE118AA613D0076391B /* main.m */,
				AB89EBE318AA613D0076391B /* PhysicsBall-Prefix.pch */,
			);
			name = "Supporting Files";
			sourceTree = "<group>";
		};
		DED083F719859173004756B0 /* Sounds */ = {
			isa = PBXGroup;
			children = (
				DED083E119858413004756B0 /* bump1.aif */,
				DED083E219858413004756B0 /* bump2.aif */,
				DED083E319858413004756B0 /* bump3.aif */,
				DED083DB1985840C004756B0 /* target1.aif */,
				DED083DC1985840C004756B0 /* target2.aif */,
				DED083DD1985840C004756B0 /* target3.aif */,
				DED083FD19859706004756B0 /* bonus-spinner.png */,
			);
			name = Sounds;
			sourceTree = "<group>";
		};
/* End PBXGroup section */

/* Begin PBXNativeTarget section */
		AB89EBCF18AA613D0076391B /* PhysicsBall */ = {
			isa = PBXNativeTarget;
			buildConfigurationList = AB89EC0918AA613D0076391B /* Build configuration list for PBXNativeTarget "PhysicsBall" */;
			buildPhases = (
				AB89EBCC18AA613D0076391B /* Sources */,
				AB89EBCD18AA613D0076391B /* Frameworks */,
				AB89EBCE18AA613D0076391B /* Resources */,
			);
			buildRules = (
			);
			dependencies = (
			);
			name = PhysicsBall;
			productName = PhysicsBall;
			productReference = AB89EBD018AA613D0076391B /* PhysicsBall.app */;
			productType = "com.apple.product-type.application";
		};
/* End PBXNativeTarget section */

/* Begin PBXProject section */
		AB89EBC818AA613D0076391B /* Project object */ = {
			isa = PBXProject;
			attributes = {
				CLASSPREFIX = RCW;
				LastUpgradeCheck = 0510;
				ORGANIZATIONNAME = "Rubber City Wizards";
			};
			buildConfigurationList = AB89EBCB18AA613D0076391B /* Build configuration list for PBXProject "PhysicsBall" */;
			compatibilityVersion = "Xcode 3.2";
			developmentRegion = English;
			hasScannedForEncodings = 0;
			knownRegions = (
				en,
				Base,
			);
			mainGroup = AB89EBC718AA613D0076391B;
			productRefGroup = AB89EBD118AA613D0076391B /* Products */;
			projectDirPath = "";
			projectRoot = "";
			targets = (
				AB89EBCF18AA613D0076391B /* PhysicsBall */,
			);
		};
/* End PBXProject section */

/* Begin PBXResourcesBuildPhase section */
		AB89EBCE18AA613D0076391B /* Resources */ = {
			isa = PBXResourcesBuildPhase;
			buildActionMask = 2147483647;
			files = (
				DED083E419858413004756B0 /* bump1.aif in Resources */,
				AB89EBE018AA613D0076391B /* InfoPlist.strings in Resources */,
				DED083F61985913A004756B0 /* sprites.atlas in Resources */,
				DED08405198597D4004756B0 /* Spark.sks in Resources */,
				DED083FE19859706004756B0 /* bonus-spinner.png in Resources */,
				DED083DF1985840C004756B0 /* target2.aif in Resources */,
				DED08404198597D4004756B0 /* spark.png in Resources */,
				DED083E519858413004756B0 /* bump2.aif in Resources */,
				AB89EBF318AA613D0076391B /* Images.xcassets in Resources */,
				DED083FC198595CF004756B0 /* layout.plist in Resources */,
				AB89EBE918AA613D0076391B /* Main.storyboard in Resources */,
				DED083E01985840C004756B0 /* target3.aif in Resources */,
				DED083DE1985840C004756B0 /* target1.aif in Resources */,
				DED083E619858413004756B0 /* bump3.aif in Resources */,
				DED0840719859AA3004756B0 /* table-overlay.png in Resources */,
			);
			runOnlyForDeploymentPostprocessing = 0;
		};
/* End PBXResourcesBuildPhase section */

/* Begin PBXSourcesBuildPhase section */
		AB89EBCC18AA613D0076391B /* Sources */ = {
			isa = PBXSourcesBuildPhase;
			buildActionMask = 2147483647;
			files = (
				DE7F1EE3198495D300DC5900 /* TargetNode.m in Sources */,
				DE7F1EE01984949B00DC5900 /* BumperNode.m in Sources */,
				AB89EBE218AA613D0076391B /* main.m in Sources */,
				DED083E9198587CA004756B0 /* PullHintNode.m in Sources */,
				DED38311197F5A08001AEE22 /* TableNode.m in Sources */,
				DE8B612A197E08960053E63B /* PlungerNode.m in Sources */,
				AB89EBEC18AA613D0076391B /* RCWViewController.m in Sources */,
				DED083FA198592CD004756B0 /* BonusSpinnerNode.m in Sources */,
				AB89EBE618AA613D0076391B /* RCWAppDelegate.m in Sources */,
				DED08403198597D4004756B0 /* SKEmitterNode+RCWExtensions.m in Sources */,
				AB89EBEF18AA613D0076391B /* RCWMyScene.m in Sources */,
				DE8B6127197E07DF0053E63B /* PinballNode.m in Sources */,
				DE0C1E691980A5B100DE6F35 /* PaddleNode.m in Sources */,
				DE7F1EE81984A91500DC5900 /* HUDNode.m in Sources */,
			);
			runOnlyForDeploymentPostprocessing = 0;
		};
/* End PBXSourcesBuildPhase section */

/* Begin PBXVariantGroup section */
		AB89EBDE18AA613D0076391B /* InfoPlist.strings */ = {
			isa = PBXVariantGroup;
			children = (
				AB89EBDF18AA613D0076391B /* en */,
			);
			name = InfoPlist.strings;
			sourceTree = "<group>";
		};
		AB89EBE718AA613D0076391B /* Main.storyboard */ = {
			isa = PBXVariantGroup;
			children = (
				AB89EBE818AA613D0076391B /* Base */,
			);
			name = Main.storyboard;
			sourceTree = "<group>";
		};
/* End PBXVariantGroup section */

/* Begin XCBuildConfiguration section */
		AB89EC0718AA613D0076391B /* Debug */ = {
			isa = XCBuildConfiguration;
			buildSettings = {
				ALWAYS_SEARCH_USER_PATHS = NO;
				CLANG_CXX_LANGUAGE_STANDARD = "gnu++0x";
				CLANG_CXX_LIBRARY = "libc++";
				CLANG_ENABLE_MODULES = YES;
				CLANG_ENABLE_OBJC_ARC = YES;
				CLANG_WARN_BOOL_CONVERSION = YES;
				CLANG_WARN_CONSTANT_CONVERSION = YES;
				CLANG_WARN_DIRECT_OBJC_ISA_USAGE = YES_ERROR;
				CLANG_WARN_EMPTY_BODY = YES;
				CLANG_WARN_ENUM_CONVERSION = YES;
				CLANG_WARN_INT_CONVERSION = YES;
				CLANG_WARN_OBJC_ROOT_CLASS = YES_ERROR;
				CLANG_WARN__DUPLICATE_METHOD_MATCH = YES;
				"CODE_SIGN_IDENTITY[sdk=iphoneos*]" = "iPhone Developer";
				COPY_PHASE_STRIP = NO;
				GCC_C_LANGUAGE_STANDARD = gnu99;
				GCC_DYNAMIC_NO_PIC = NO;
				GCC_OPTIMIZATION_LEVEL = 0;
				GCC_PREPROCESSOR_DEFINITIONS = (
					"DEBUG=1",
					"$(inherited)",
				);
				GCC_SYMBOLS_PRIVATE_EXTERN = NO;
				GCC_WARN_64_TO_32_BIT_CONVERSION = YES;
				GCC_WARN_ABOUT_RETURN_TYPE = YES_ERROR;
				GCC_WARN_UNDECLARED_SELECTOR = YES;
				GCC_WARN_UNINITIALIZED_AUTOS = YES_AGGRESSIVE;
				GCC_WARN_UNUSED_FUNCTION = YES;
				GCC_WARN_UNUSED_VARIABLE = YES;
				IPHONEOS_DEPLOYMENT_TARGET = 7.1;
				ONLY_ACTIVE_ARCH = YES;
				SDKROOT = iphoneos;
			};
			name = Debug;
		};
		AB89EC0818AA613D0076391B /* Release */ = {
			isa = XCBuildConfiguration;
			buildSettings = {
				ALWAYS_SEARCH_USER_PATHS = NO;
				CLANG_CXX_LANGUAGE_STANDARD = "gnu++0x";
				CLANG_CXX_LIBRARY = "libc++";
				CLANG_ENABLE_MODULES = YES;
				CLANG_ENABLE_OBJC_ARC = YES;
				CLANG_WARN_BOOL_CONVERSION = YES;
				CLANG_WARN_CONSTANT_CONVERSION = YES;
				CLANG_WARN_DIRECT_OBJC_ISA_USAGE = YES_ERROR;
				CLANG_WARN_EMPTY_BODY = YES;
				CLANG_WARN_ENUM_CONVERSION = YES;
				CLANG_WARN_INT_CONVERSION = YES;
				CLANG_WARN_OBJC_ROOT_CLASS = YES_ERROR;
				CLANG_WARN__DUPLICATE_METHOD_MATCH = YES;
				"CODE_SIGN_IDENTITY[sdk=iphoneos*]" = "iPhone Developer";
				COPY_PHASE_STRIP = YES;
				ENABLE_NS_ASSERTIONS = NO;
				GCC_C_LANGUAGE_STANDARD = gnu99;
				GCC_WARN_64_TO_32_BIT_CONVERSION = YES;
				GCC_WARN_ABOUT_RETURN_TYPE = YES_ERROR;
				GCC_WARN_UNDECLARED_SELECTOR = YES;
				GCC_WARN_UNINITIALIZED_AUTOS = YES_AGGRESSIVE;
				GCC_WARN_UNUSED_FUNCTION = YES;
				GCC_WARN_UNUSED_VARIABLE = YES;
				IPHONEOS_DEPLOYMENT_TARGET = 7.1;
				SDKROOT = iphoneos;
				VALIDATE_PRODUCT = YES;
			};
			name = Release;
		};
		AB89EC0A18AA613D0076391B /* Debug */ = {
			isa = XCBuildConfiguration;
			buildSettings = {
				ASSETCATALOG_COMPILER_APPICON_NAME = AppIcon;
				ASSETCATALOG_COMPILER_LAUNCHIMAGE_NAME = LaunchImage;
				GCC_PRECOMPILE_PREFIX_HEADER = YES;
				GCC_PREFIX_HEADER = "PhysicsBall/PhysicsBall-Prefix.pch";
				INFOPLIST_FILE = "PhysicsBall/PhysicsBall-Info.plist";
				PRODUCT_NAME = "$(TARGET_NAME)";
				SPRITEKIT_TEXTURE_ATLAS_OUTPUT = YES;
				WRAPPER_EXTENSION = app;
			};
			name = Debug;
		};
		AB89EC0B18AA613D0076391B /* Release */ = {
			isa = XCBuildConfiguration;
			buildSettings = {
				ASSETCATALOG_COMPILER_APPICON_NAME = AppIcon;
				ASSETCATALOG_COMPILER_LAUNCHIMAGE_NAME = LaunchImage;
				GCC_PRECOMPILE_PREFIX_HEADER = YES;
				GCC_PREFIX_HEADER = "PhysicsBall/PhysicsBall-Prefix.pch";
				INFOPLIST_FILE = "PhysicsBall/PhysicsBall-Info.plist";
				PRODUCT_NAME = "$(TARGET_NAME)";
				SPRITEKIT_TEXTURE_ATLAS_OUTPUT = YES;
				WRAPPER_EXTENSION = app;
			};
			name = Release;
		};
/* End XCBuildConfiguration section */

/* Begin XCConfigurationList section */
		AB89EBCB18AA613D0076391B /* Build configuration list for PBXProject "PhysicsBall" */ = {
			isa = XCConfigurationList;
			buildConfigurations = (
				AB89EC0718AA613D0076391B /* Debug */,
				AB89EC0818AA613D0076391B /* Release */,
			);
			defaultConfigurationIsVisible = 0;
			defaultConfigurationName = Release;
		};
		AB89EC0918AA613D0076391B /* Build configuration list for PBXNativeTarget "PhysicsBall" */ = {
			isa = XCConfigurationList;
			buildConfigurations = (
				AB89EC0A18AA613D0076391B /* Debug */,
				AB89EC0B18AA613D0076391B /* Release */,
			);
			defaultConfigurationIsVisible = 0;
			defaultConfigurationName = Release;
		};
/* End XCConfigurationList section */
	};
	rootObject = AB89EBC818AA613D0076391B /* Project object */;
}
